
Microsoft Visual Studio Solution File, Format Version 12.00
# Visual Studio Version 17
VisualStudioVersion = 17.14.36121.58
MinimumVisualStudioVersion = 10.0.40219.1
Project("{FAE04EC0-301F-11D3-BF4B-00C04F79EFBC}") = "DTOs", "DTOs\DTOs.csproj", "{E8E2634A-6F38-4513-9750-9FE72BA5728D}"
EndProject
Project("{2150E333-8FDC-42A3-9474-1A3956D46DE8}") = "0_DTOs", "0_DTOs", "{02EA681E-C7D8-13C7-8484-4AC65E1B71E8}"
EndProject
Project("{2150E333-8FDC-42A3-9474-1A3956D46DE8}") = "1_DataAccess", "1_DataAccess", "{A32B4717-0C3C-4BAB-A641-B874CC9B12A8}"
EndProject
Project("{FAE04EC0-301F-11D3-BF4B-00C04F79EFBC}") = "DataAccess", "DataAccess\DataAccess.csproj", "{2EABAC76-8FB0-4E1F-85AC-9057A27798C1}"
EndProject
Project("{2150E333-8FDC-42A3-9474-1A3956D46DE8}") = "2_CoreApp", "2_CoreApp", "{17286667-4BD5-4F33-9E49-231A6B3C5DFE}"
EndProject
Project("{FAE04EC0-301F-11D3-BF4B-00C04F79EFBC}") = "CoreApp", "CoreApp\CoreApp.csproj", "{6159FCC8-E86E-4CB9-9EDC-2D7E94A4E8FC}"
EndProject
Project("{2150E333-8FDC-42A3-9474-1A3956D46DE8}") = "3_Exceptions", "3_Exceptions", "{CD517D1B-89FD-4238-9FB7-4143B5ED95A6}"
EndProject
Project("{FAE04EC0-301F-11D3-BF4B-00C04F79EFBC}") = "ExceptionManager", "ExceptionManager\ExceptionManager.csproj", "{621DBA10-8B03-45EA-9D6B-4A69F00F6B88}"
EndProject
Project("{2150E333-8FDC-42A3-9474-1A3956D46DE8}") = "4_WebApi", "4_WebApi", "{0B971D9E-CE03-4932-8A2F-3867E6F25F17}"
EndProject
Project("{FAE04EC0-301F-11D3-BF4B-00C04F79EFBC}") = "WebAPI", "WebAPI\WebAPI.csproj", "{1F3213C7-7790-47DF-866D-4AEF370E073F}"
EndProject
Project("{2150E333-8FDC-42A3-9474-1A3956D46DE8}") = "5_WebApp", "5_WebApp", "{0D92050A-DC58-4EBB-8B8D-2F411A5A82B1}"
EndProject
Project("{FAE04EC0-301F-11D3-BF4B-00C04F79EFBC}") = "WebApp", "WebApp\WebApp.csproj", "{D0B0DCCB-5194-464A-8ED1-38D6D4500B69}"
EndProject
Project("{2150E333-8FDC-42A3-9474-1A3956D46DE8}") = "99_Testing", "99_Testing", "{3D9D237C-C66E-4747-95AD-BDCCEA159B81}"
EndProject
Project("{FAE04EC0-301F-11D3-BF4B-00C04F79EFBC}") = "DevTester", "DevTester\DevTester.csproj", "{D0E09825-042C-4AAD-9E5F-E7EDEE380BA6}"
EndProject
Global
	GlobalSection(SolutionConfigurationPlatforms) = preSolution
		Debug|Any CPU = Debug|Any CPU
		Release|Any CPU = Release|Any CPU
	EndGlobalSection
	GlobalSection(ProjectConfigurationPlatforms) = postSolution
		{E8E2634A-6F38-4513-9750-9FE72BA5728D}.Debug|Any CPU.ActiveCfg = Debug|Any CPU
		{E8E2634A-6F38-4513-9750-9FE72BA5728D}.Debug|Any CPU.Build.0 = Debug|Any CPU
		{E8E2634A-6F38-4513-9750-9FE72BA5728D}.Release|Any CPU.ActiveCfg = Release|Any CPU
		{E8E2634A-6F38-4513-9750-9FE72BA5728D}.Release|Any CPU.Build.0 = Release|Any CPU
		{2EABAC76-8FB0-4E1F-85AC-9057A27798C1}.Debug|Any CPU.ActiveCfg = Debug|Any CPU
		{2EABAC76-8FB0-4E1F-85AC-9057A27798C1}.Debug|Any CPU.Build.0 = Debug|Any CPU
		{2EABAC76-8FB0-4E1F-85AC-9057A27798C1}.Release|Any CPU.ActiveCfg = Release|Any CPU
		{2EABAC76-8FB0-4E1F-85AC-9057A27798C1}.Release|Any CPU.Build.0 = Release|Any CPU
		{6159FCC8-E86E-4CB9-9EDC-2D7E94A4E8FC}.Debug|Any CPU.ActiveCfg = Debug|Any CPU
		{6159FCC8-E86E-4CB9-9EDC-2D7E94A4E8FC}.Debug|Any CPU.Build.0 = Debug|Any CPU
		{6159FCC8-E86E-4CB9-9EDC-2D7E94A4E8FC}.Release|Any CPU.ActiveCfg = Release|Any CPU
		{6159FCC8-E86E-4CB9-9EDC-2D7E94A4E8FC}.Release|Any CPU.Build.0 = Release|Any CPU
		{621DBA10-8B03-45EA-9D6B-4A69F00F6B88}.Debug|Any CPU.ActiveCfg = Debug|Any CPU
		{621DBA10-8B03-45EA-9D6B-4A69F00F6B88}.Debug|Any CPU.Build.0 = Debug|Any CPU
		{621DBA10-8B03-45EA-9D6B-4A69F00F6B88}.Release|Any CPU.ActiveCfg = Release|Any CPU
		{621DBA10-8B03-45EA-9D6B-4A69F00F6B88}.Release|Any CPU.Build.0 = Release|Any CPU
		{1F3213C7-7790-47DF-866D-4AEF370E073F}.Debug|Any CPU.ActiveCfg = Debug|Any CPU
		{1F3213C7-7790-47DF-866D-4AEF370E073F}.Debug|Any CPU.Build.0 = Debug|Any CPU
		{1F3213C7-7790-47DF-866D-4AEF370E073F}.Release|Any CPU.ActiveCfg = Release|Any CPU
		{1F3213C7-7790-47DF-866D-4AEF370E073F}.Release|Any CPU.Build.0 = Release|Any CPU
		{D0B0DCCB-5194-464A-8ED1-38D6D4500B69}.Debug|Any CPU.ActiveCfg = Debug|Any CPU
		{D0B0DCCB-5194-464A-8ED1-38D6D4500B69}.Debug|Any CPU.Build.0 = Debug|Any CPU
		{D0B0DCCB-5194-464A-8ED1-38D6D4500B69}.Release|Any CPU.ActiveCfg = Release|Any CPU
		{D0B0DCCB-5194-464A-8ED1-38D6D4500B69}.Release|Any CPU.Build.0 = Release|Any CPU
		{D0E09825-042C-4AAD-9E5F-E7EDEE380BA6}.Debug|Any CPU.ActiveCfg = Debug|Any CPU
		{D0E09825-042C-4AAD-9E5F-E7EDEE380BA6}.Debug|Any CPU.Build.0 = Debug|Any CPU
		{D0E09825-042C-4AAD-9E5F-E7EDEE380BA6}.Release|Any CPU.ActiveCfg = Release|Any CPU
		{D0E09825-042C-4AAD-9E5F-E7EDEE380BA6}.Release|Any CPU.Build.0 = Release|Any CPU
	EndGlobalSection
	GlobalSection(SolutionProperties) = preSolution
		HideSolutionNode = FALSE
	EndGlobalSection
	GlobalSection(NestedProjects) = preSolution
		{E8E2634A-6F38-4513-9750-9FE72BA5728D} = {02EA681E-C7D8-13C7-8484-4AC65E1B71E8}
		{2EABAC76-8FB0-4E1F-85AC-9057A27798C1} = {A32B4717-0C3C-4BAB-A641-B874CC9B12A8}
		{6159FCC8-E86E-4CB9-9EDC-2D7E94A4E8FC} = {17286667-4BD5-4F33-9E49-231A6B3C5DFE}
		{621DBA10-8B03-45EA-9D6B-4A69F00F6B88} = {CD517D1B-89FD-4238-9FB7-4143B5ED95A6}
		{1F3213C7-7790-47DF-866D-4AEF370E073F} = {0B971D9E-CE03-4932-8A2F-3867E6F25F17}
		{D0B0DCCB-5194-464A-8ED1-38D6D4500B69} = {0D92050A-DC58-4EBB-8B8D-2F411A5A82B1}
		{D0E09825-042C-4AAD-9E5F-E7EDEE380BA6} = {3D9D237C-C66E-4747-95AD-BDCCEA159B81}
	EndGlobalSection
	GlobalSection(ExtensibilityGlobals) = postSolution
		SolutionGuid = {4768A81E-BF3B-4D84-B882-3C40233C7391}
	EndGlobalSection
EndGlobal
